
Microsoft Visual Studio Solution File, Format Version 12.00
Project("{FAE04EC0-301F-11D3-BF4B-00C04F79EFBC}") = "TestDI", "TestDI\TestDI.csproj", "{1AE2A314-3F59-4B4F-A71A-A718F3C5A483}"
EndProject
Global
	GlobalSection(SolutionConfigurationPlatforms) = preSolution
		Debug|Any CPU = Debug|Any CPU
		Release|Any CPU = Release|Any CPU
	EndGlobalSection
	GlobalSection(ProjectConfigurationPlatforms) = postSolution
		{1AE2A314-3F59-4B4F-A71A-A718F3C5A483}.Debug|Any CPU.ActiveCfg = Debug|Any CPU
		{1AE2A314-3F59-4B4F-A71A-A718F3C5A483}.Debug|Any CPU.Build.0 = Debug|Any CPU
		{1AE2A314-3F59-4B4F-A71A-A718F3C5A483}.Release|Any CPU.ActiveCfg = Release|Any CPU
		{1AE2A314-3F59-4B4F-A71A-A718F3C5A483}.Release|Any CPU.Build.0 = Release|Any CPU
	EndGlobalSection
EndGlobal
